# THIS IS AN AUTOGENERATED FILE. DO NOT EDIT THIS FILE DIRECTLY.
# yarn lockfile v1


jquery@^3.7.0:
  version "3.7.0"
  resolved "https://registry.yarnpkg.com/jquery/-/jquery-3.7.0.tgz#fe2c01a05da500709006d8790fe21c8a39d75612"
  integrity sha512-umpJ0/k8X0MvD1ds0P9SfowREz2LenHsQaxSohMZ5OMNEU2r0tf8pdeEFTHMFxWVxKNyU9rTtK3CWzUCTKJUeQ==
