# THIS IS AN AUTOGENERATED FILE. DO NOT EDIT THIS FILE DIRECTLY.
# yarn lockfile v1


jquery@^3.3.1:
  version "3.3.1"
  resolved "https://registry.yarnpkg.com/jquery/-/jquery-3.3.1.tgz#958ce29e81c9790f31be7792df5d4d95fc57fbca"

lazyload@^2.0.0-beta.2:
  version "2.0.0-beta.2"
  resolved "https://registry.yarnpkg.com/lazyload/-/lazyload-2.0.0-beta.2.tgz#1dc729c3739f06fdc825702c33b9dd99f89ebcbd"

vue@^2.5.17:
  version "2.5.17"
  resolved "https://registry.yarnpkg.com/vue/-/vue-2.5.17.tgz#0f8789ad718be68ca1872629832ed533589c6ada"
