# THIS IS AN AUTOGENERATED FILE. DO NOT EDIT THIS FILE DIRECTLY.
# yarn lockfile v1


bulma@^0.7.1:
  version "0.7.1"
  resolved "https://registry.yarnpkg.com/bulma/-/bulma-0.7.1.tgz#73c2e3b2930c90cc272029cbd19918b493fca486"

ilorem@^1.0.4:
  version "1.0.5"
  resolved "https://registry.yarnpkg.com/ilorem/-/ilorem-1.0.5.tgz#5cb11cbccb6e2bbe83e00315509dda935dae01c1"
  integrity sha512-HQfo/RUR/njuykYgrzFe+ltMyiyvt6ETweMIzVipLNGSrIsCyVAUtEcAP8VRrXUj2qryDO3IfBH2mFvNcQIO+g==

jquery@^3.3.1:
  version "3.3.1"
  resolved "https://registry.yarnpkg.com/jquery/-/jquery-3.3.1.tgz#958ce29e81c9790f31be7792df5d4d95fc57fbca"

lazyload@^2.0.0-beta.2:
  version "2.0.0-beta.2"
  resolved "https://registry.yarnpkg.com/lazyload/-/lazyload-2.0.0-beta.2.tgz#1dc729c3739f06fdc825702c33b9dd99f89ebcbd"

vue-yandex-maps@^0.7.15:
  version "0.7.15"
  resolved "https://registry.yarnpkg.com/vue-yandex-maps/-/vue-yandex-maps-0.7.15.tgz#d187144e8394e3c2e2c1095550b14f5e4ee3e927"
  integrity sha512-hO/eyNgt0NmKOeR6rTagxz+0vLFqN0iUrGrLyJUvbNsEsfO0VxIwy+3jROjSkVN+9cmiCaFK0XwYyXKHwkvt5w==

vue@^2.5.17:
  version "2.5.17"
  resolved "https://registry.yarnpkg.com/vue/-/vue-2.5.17.tgz#0f8789ad718be68ca1872629832ed533589c6ada"
