# THIS IS AN AUTOGENERATED FILE. DO NOT EDIT THIS FILE DIRECTLY.
# yarn lockfile v1


ilorem@^1.1.2:
  version "1.1.2"
  resolved "https://registry.yarnpkg.com/ilorem/-/ilorem-1.1.2.tgz#afad39f4a4673a1d0e7e85870b385cac288b05fd"
  integrity sha512-fD85bPpLWwdhgKhZ9/y7nZXzqV/n9vAZDdqcWgfGHo/7HFFMUXoxhN5o1A0O5JnOQVhwV7Cd7717AbX2DFaGTA==

jquery@>=1.9.1:
  version "3.4.1"
  resolved "https://registry.yarnpkg.com/jquery/-/jquery-3.4.1.tgz#714f1f8d9dde4bdfa55764ba37ef214630d80ef2"
  integrity sha512-36+AdBzCL+y6qjw5Tx7HgzeGCzC81MDDgaUP8ld2zhx58HdqXGoBd+tHdrBMiyjGQs0Hxs/MLZTu/eHNJJuWPw==

jquery@^2:
  version "2.2.4"
  resolved "https://registry.yarnpkg.com/jquery/-/jquery-2.2.4.tgz#2c89d6889b5eac522a7eea32c14521559c6cbf02"
  integrity sha1-LInWiJterFIqfuoywUUhVZxsvwI=

jstree@^3.3.9:
  version "3.3.9"
  resolved "https://registry.yarnpkg.com/jstree/-/jstree-3.3.9.tgz#62b47cad3c4fda390d021e5c4f98ee5b3365198a"
  integrity sha512-jRIbhg+BHrIs1Wm6oiJt3oKTVBE6sWS0PCp2/RlkIUqsLUPWUYgV3q8LfKoi1/E+YMzGtP6BuK4okk+0mwfmhQ==
  dependencies:
    jquery ">=1.9.1"
