# THIS IS AN AUTOGENERATED FILE. DO NOT EDIT THIS FILE DIRECTLY.
# yarn lockfile v1


ilorem@^1.2.4:
  version "1.2.4"
  resolved "https://registry.yarnpkg.com/ilorem/-/ilorem-1.2.4.tgz#3b5a38c1181861b41425dbc1b422cc83cc473897"
  integrity sha512-EUvV08lZe2yVVD8rWGEx51VJd8YZ7VZ8t/v9e+98ShIN8pituLtIwXz/WJLlehd27y7Ensn+GC6HmQD9igJJQA==
