# THIS IS AN AUTOGENERATED FILE. DO NOT EDIT THIS FILE DIRECTLY.
# yarn lockfile v1


jquery@^2:
  version "2.2.4"
  resolved "https://registry.yarnpkg.com/jquery/-/jquery-2.2.4.tgz#2c89d6889b5eac522a7eea32c14521559c6cbf02"
  integrity sha512-lBHj60ezci2u1v2FqnZIraShGgEXq35qCzMv4lITyHGppTnA13rwR0MgwyNJh9TnDs3aXUvd1xjAotfraMHX/Q==

jquery@^3.5.0:
  version "3.7.1"
  resolved "https://registry.yarnpkg.com/jquery/-/jquery-3.7.1.tgz#083ef98927c9a6a74d05a6af02806566d16274de"
  integrity sha512-m4avr8yL8kmFN8psrbFFFmB/If14iN5o9nw/NgnnM+kybDJpRsAynV2BsfpTYrTRysYUdADVD7CkUUizgkpLfg==

jstree@^3.3.9:
  version "3.3.16"
  resolved "https://registry.yarnpkg.com/jstree/-/jstree-3.3.16.tgz#43e3a8a1ee270ddff514317250d5e85b95d63c52"
  integrity sha512-yeeIJffi2WAqyMeHufXj/Ozy7GqgKdDkxfN8L8lwbG0h1cw/TgDafWmyhroH4AKgDSk9yW1W6jiJZu4zXAqzXw==
  dependencies:
    jquery "^3.5.0"
