# THIS IS AN AUTOGENERATED FILE. DO NOT EDIT THIS FILE DIRECTLY.
# yarn lockfile v1


"@fortawesome/fontawesome-free@^6.3.0":
  version "6.3.0"
  resolved "https://registry.yarnpkg.com/@fortawesome/fontawesome-free/-/fontawesome-free-6.3.0.tgz#b5877182692a6f7a39d1108837bec24247ba4bd7"
  integrity sha512-qVtd5i1Cc7cdrqnTWqTObKQHjPWAiRwjUPaXObaeNPcy7+WKxJumGBx66rfSFgK6LNpIasVKkEgW8oyf0tmPLA==

jquery@^3.5.0:
  version "3.6.4"
  resolved "https://registry.yarnpkg.com/jquery/-/jquery-3.6.4.tgz#ba065c188142100be4833699852bf7c24dc0252f"
  integrity sha512-v28EW9DWDFpzcD9O5iyJXg3R3+q+mET5JhnjJzQUZMHOv67bpSIHq81GEYpPNZHG+XXHsfSme3nxp/hndKEcsQ==

jstree@3.3.15:
  version "3.3.15"
  resolved "https://registry.yarnpkg.com/jstree/-/jstree-3.3.15.tgz#364bfa0fc4c0b1b7b5bc122cda44a0f09e59eba4"
  integrity sha512-fNK2EBgGjaJQ3cJuINX/80vDeAufYWtM0csudgYl3eJG+eRAH/1r1IJVUOvAlJIa+uSgg+Fi8uGrt+Xbs92eKg==
  dependencies:
    jquery "^3.5.0"
