# THIS IS AN AUTOGENERATED FILE. DO NOT EDIT THIS FILE DIRECTLY.
# yarn lockfile v1


bootstrap-icons@^1.8.1:
  version "1.11.3"
  resolved "https://registry.yarnpkg.com/bootstrap-icons/-/bootstrap-icons-1.11.3.tgz#03f9cb754ec005c52f9ee616e2e84a82cab3084b"
  integrity sha512-+3lpHrCw/it2/7lBL15VR0HEumaBss0+f/Lb6ZvHISn1mlK83jjFpooTLsMWbIjJMDjDjOExMsTxnXSIT4k4ww==

jquery@^3.5.0, jquery@^3.6.0:
  version "3.7.1"
  resolved "https://registry.yarnpkg.com/jquery/-/jquery-3.7.1.tgz#083ef98927c9a6a74d05a6af02806566d16274de"
  integrity sha512-m4avr8yL8kmFN8psrbFFFmB/If14iN5o9nw/NgnnM+kybDJpRsAynV2BsfpTYrTRysYUdADVD7CkUUizgkpLfg==

jstree@^3.3.12:
  version "3.3.16"
  resolved "https://registry.yarnpkg.com/jstree/-/jstree-3.3.16.tgz#43e3a8a1ee270ddff514317250d5e85b95d63c52"
  integrity sha512-yeeIJffi2WAqyMeHufXj/Ozy7GqgKdDkxfN8L8lwbG0h1cw/TgDafWmyhroH4AKgDSk9yW1W6jiJZu4zXAqzXw==
  dependencies:
    jquery "^3.5.0"
